<?xml version="1.0" encoding="utf-8"?>
<Project ToolsVersion="4.0" xmlns="http://schemas.microsoft.com/developer/msbuild/2003">
  <ItemGroup>
    <Filter Include="Source Files">
      <UniqueIdentifier>{4FC737F1-C7A5-4376-A066-2A32D752A2FF}</UniqueIdentifier>
      <Extensions>cpp;c;cc;cxx;c++;cppm;ixx;def;odl;idl;hpj;bat;asm;asmx</Extensions>
    </Filter>
    <Filter Include="Header Files">
      <UniqueIdentifier>{93995380-89BD-4b04-88EB-625FBE52EBFB}</UniqueIdentifier>
      <Extensions>h;hh;hpp;hxx;h++;hm;inl;inc;ipp;xsd</Extensions>
    </Filter>
    <Filter Include="Resource Files">
      <UniqueIdentifier>{67DA6AB6-F800-4c08-8B7A-83BB121AAD01}</UniqueIdentifier>
      <Extensions>rc;ico;cur;bmp;dlg;rc2;rct;bin;rgs;gif;jpg;jpeg;jpe;resx;tiff;tif;png;wav;mfcribbon-ms</Extensions>
    </Filter>
  </ItemGroup>
  <ItemGroup>
    <ClInclude Include="game.hpp">
      <Filter>Header Files</Filter>
    </ClInclude>
    <ClInclude Include="header.hpp">
      <Filter>Header Files</Filter>
    </ClInclude>
    <ClInclude Include="menu.hpp">
      <Filter>Header Files</Filter>
    </ClInclude>
    <ClInclude Include="deck.hpp">
      <Filter>Header Files</Filter>
    </ClInclude>
    <ClInclude Include="players.hpp">
      <Filter>Header Files</Filter>
    </ClInclude>
    <ClInclude Include="leaderboard.hpp">
      <Filter>Header Files</Filter>
    </ClInclude>
    <ClInclude Include="characters.hpp">
      <Filter>Header Files</Filter>
    </ClInclude>
  </ItemGroup>
  <ItemGroup>
    <ClCompile Include="button.cpp">
      <Filter>Source Files</Filter>
    </ClCompile>
    <ClCompile Include="characters.cpp">
      <Filter>Source Files</Filter>
    </ClCompile>
    <ClCompile Include="deck.cpp">
      <Filter>Source Files</Filter>
    </ClCompile>
    <ClCompile Include="game.cpp">
      <Filter>Source Files</Filter>
    </ClCompile>
    <ClCompile Include="main.cpp">
      <Filter>Source Files</Filter>
    </ClCompile>
    <ClCompile Include="mainGame.cpp">
      <Filter>Source Files</Filter>
    </ClCompile>
    <ClCompile Include="players.cpp">
      <Filter>Source Files</Filter>
    </ClCompile>
    <ClCompile Include="textures.cpp">
      <Filter>Source Files</Filter>
    </ClCompile>
    <ClCompile Include="updates.cpp">
      <Filter>Source Files</Filter>
    </ClCompile>
    <ClCompile Include="abilities.cpp">
      <Filter>Source Files</Filter>
    </ClCompile>
    <ClCompile Include="menu.cpp">
      <Filter>Source Files</Filter>
    </ClCompile>
    <ClCompile Include="leaderboard.cpp">
      <Filter>Source Files</Filter>
    </ClCompile>
  </ItemGroup>
  <ItemGroup>
    <Image Include="Textures\back button.png">
      <Filter>Resource Files</Filter>
    </Image>
    <Image Include="Textures\bg_2nd.png">
      <Filter>Resource Files</Filter>
    </Image>
    <Image Include="Textures\button.png">
      <Filter>Resource Files</Filter>
    </Image>
    <Image Include="Textures\candle.gif">
      <Filter>Resource Files</Filter>
    </Image>
    <Image Include="Textures\dead.png">
      <Filter>Resource Files</Filter>
    </Image>
    <Image Include="Textures\deadrising.png">
      <Filter>Resource Files</Filter>
    </Image>
    <Image Include="Textures\death.png">
      <Filter>Resource Files</Filter>
    </Image>
    <Image Include="Textures\graveyard_bg.png">
      <Filter>Resource Files</Filter>
    </Image>
    <Image Include="Textures\icon.png">
      <Filter>Resource Files</Filter>
    </Image>
    <Image Include="Textures\life.png">
      <Filter>Resource Files</Filter>
    </Image>
    <Image Include="Textures\mainGameBG.png">
      <Filter>Resource Files</Filter>
    </Image>
    <Image Include="Textures\mainGameBG_bottom.png">
      <Filter>Resource Files</Filter>
    </Image>
    <Image Include="Textures\mainGameBG_top.png">
      <Filter>Resource Files</Filter>
    </Image>
    <Image Include="Textures\mainmenubg.png">
      <Filter>Resource Files</Filter>
    </Image>
    <Image Include="Textures\P1.png">
      <Filter>Resource Files</Filter>
    </Image>
    <Image Include="Textures\P2.png">
      <Filter>Resource Files</Filter>
    </Image>
    <Image Include="Textures\P3.png">
      <Filter>Resource Files</Filter>
    </Image>
    <Image Include="Textures\P4.png">
      <Filter>Resource Files</Filter>
    </Image>
    <Image Include="Textures\title.png">
      <Filter>Resource Files</Filter>
    </Image>
    <Image Include="Textures\tombstone.png">
      <Filter>Resource Files</Filter>
    </Image>
    <Image Include="Textures\tutorial.png">
      <Filter>Resource Files</Filter>
    </Image>
    <Image Include="Textures\winnerr.png">
      <Filter>Resource Files</Filter>
    </Image>
  </ItemGroup>
  <ItemGroup>
    <Text Include="Leaderboards.txt">
      <Filter>Resource Files</Filter>
    </Text>
  </ItemGroup>
</Project>