
Microsoft Visual Studio Solution File, Format Version 12.00
# Visual Studio Version 17
VisualStudioVersion = 17.7.34031.279
MinimumVisualStudioVersion = 10.0.40219.1
Project("{8BC9CEB8-8B4A-11D0-8D11-00A0C91BC942}") = "BJD", "BJD.vcxproj", "{ACB626EF-14CF-4E9F-B2E0-4011812A1B87}"
EndProject
Global
	GlobalSection(SolutionConfigurationPlatforms) = preSolution
		Debug|x64 = Debug|x64
		Debug|x86 = Debug|x86
		Release|x64 = Release|x64
		Release|x86 = Release|x86
	EndGlobalSection
	GlobalSection(ProjectConfigurationPlatforms) = postSolution
		{ACB626EF-14CF-4E9F-B2E0-4011812A1B87}.Debug|x64.ActiveCfg = Debug|x64
		{ACB626EF-14CF-4E9F-B2E0-4011812A1B87}.Debug|x64.Build.0 = Debug|x64
		{ACB626EF-14CF-4E9F-B2E0-4011812A1B87}.Debug|x86.ActiveCfg = Debug|Win32
		{ACB626EF-14CF-4E9F-B2E0-4011812A1B87}.Debug|x86.Build.0 = Debug|Win32
		{ACB626EF-14CF-4E9F-B2E0-4011812A1B87}.Release|x64.ActiveCfg = Release|x64
		{ACB626EF-14CF-4E9F-B2E0-4011812A1B87}.Release|x64.Build.0 = Release|x64
		{ACB626EF-14CF-4E9F-B2E0-4011812A1B87}.Release|x86.ActiveCfg = Release|Win32
		{ACB626EF-14CF-4E9F-B2E0-4011812A1B87}.Release|x86.Build.0 = Release|Win32
	EndGlobalSection
	GlobalSection(SolutionProperties) = preSolution
		HideSolutionNode = FALSE
	EndGlobalSection
	GlobalSection(ExtensibilityGlobals) = postSolution
		SolutionGuid = {B02CF592-ACFE-4CDA-9674-D7AB9DE8FB79}
	EndGlobalSection
EndGlobal
